
Microsoft Visual Studio Solution File, Format Version 12.00
# Visual Studio Version 17
VisualStudioVersion = 17.7.34031.279
MinimumVisualStudioVersion = 10.0.40219.1
Project("{FAE04EC0-301F-11D3-BF4B-00C04F79EFBC}") = "Remove_Duplicates_Sorted_Array", "Remove_Duplicates_Sorted_Array\Remove_Duplicates_Sorted_Array.csproj", "{9A430312-2A30-4E7E-9189-A7BA0027ECD8}"
EndProject
Project("{FAE04EC0-301F-11D3-BF4B-00C04F79EFBC}") = "Test_RemoveDuplicates", "Test_RemoveDuplicates\Test_RemoveDuplicates.csproj", "{FA8A50A2-F5B3-4FFB-8811-577F95EDF619}"
EndProject
Global
	GlobalSection(SolutionConfigurationPlatforms) = preSolution
		Debug|Any CPU = Debug|Any CPU
		Release|Any CPU = Release|Any CPU
	EndGlobalSection
	GlobalSection(ProjectConfigurationPlatforms) = postSolution
		{9A430312-2A30-4E7E-9189-A7BA0027ECD8}.Debug|Any CPU.ActiveCfg = Debug|Any CPU
		{9A430312-2A30-4E7E-9189-A7BA0027ECD8}.Debug|Any CPU.Build.0 = Debug|Any CPU
		{9A430312-2A30-4E7E-9189-A7BA0027ECD8}.Release|Any CPU.ActiveCfg = Release|Any CPU
		{9A430312-2A30-4E7E-9189-A7BA0027ECD8}.Release|Any CPU.Build.0 = Release|Any CPU
		{FA8A50A2-F5B3-4FFB-8811-577F95EDF619}.Debug|Any CPU.ActiveCfg = Debug|Any CPU
		{FA8A50A2-F5B3-4FFB-8811-577F95EDF619}.Debug|Any CPU.Build.0 = Debug|Any CPU
		{FA8A50A2-F5B3-4FFB-8811-577F95EDF619}.Release|Any CPU.ActiveCfg = Release|Any CPU
		{FA8A50A2-F5B3-4FFB-8811-577F95EDF619}.Release|Any CPU.Build.0 = Release|Any CPU
	EndGlobalSection
	GlobalSection(SolutionProperties) = preSolution
		HideSolutionNode = FALSE
	EndGlobalSection
	GlobalSection(ExtensibilityGlobals) = postSolution
		SolutionGuid = {29ED7A57-DF2D-4FA1-9BC2-9C157A956886}
	EndGlobalSection
EndGlobal
